PODS:
  - OCHamcrest (5.1.0)
  - OCMockito (3.0.1):
    - OCHamcrest (~> 5.1)

DEPENDENCIES:
  - OCMockito (~> 3.0.1)

SPEC CHECKSUMS:
  OCHamcrest: abcfbf4ebd75d5aadbcc729cff0cb648faf2d1b0
  OCMockito: 9eee3c61e42f7cb8aa015d66f8cc16849701d973

PODFILE CHECKSUM: 87a93b390ca2065af565a42309bdf5b2cf23ec14

COCOAPODS: 1.0.0.beta.2
