// !$*UTF8*$!
{
	archiveVersion = 1;
	classes = {
	};
	objectVersion = 46;
	objects = {

/* Begin PBXBuildFile section */
		0D512170FE19E8DF2E1B938C /* libPods-FountainTests.a in Frameworks */ = {isa = PBXBuildFile; fileRef = F779017B90C1BE975E14DEA6 /* libPods-FountainTests.a */; };
		F65B92811A38AC7600CEB22E /* FTComposedDataSource.m in Sources */ = {isa = PBXBuildFile; fileRef = F65B92801A38AC7600CEB22E /* FTComposedDataSource.m */; };
		F65B92831A38D09700CEB22E /* FTComposedDataSourceSpec.m in Sources */ = {isa = PBXBuildFile; fileRef = F65B92821A38D09700CEB22E /* FTComposedDataSourceSpec.m */; };
		F661E8D31A5BF7B6000EB7AC /* FTTableViewAdapter.m in Sources */ = {isa = PBXBuildFile; fileRef = F661E8D21A5BF7B6000EB7AC /* FTTableViewAdapter.m */; };
		F66AB2FE1A64340B00E343BF /* FTFetchedResultsDataSource.m in Sources */ = {isa = PBXBuildFile; fileRef = F66AB2FD1A64340B00E343BF /* FTFetchedResultsDataSource.m */; };
		F67044F81A3B41E4003A44B2 /* FTDynamicDataSource.m in Sources */ = {isa = PBXBuildFile; fileRef = F67044F71A3B41E4003A44B2 /* FTDynamicDataSource.m */; };
		F67044FA1A3B435B003A44B2 /* FTDynamicDataSourceSpec.m in Sources */ = {isa = PBXBuildFile; fileRef = F67044F91A3B435B003A44B2 /* FTDynamicDataSourceSpec.m */; };
		F6B215181A374F04003198D9 /* Fountain.h in CopyFiles */ = {isa = PBXBuildFile; fileRef = F6B215171A374F04003198D9 /* Fountain.h */; };
		F6B2151A1A374F04003198D9 /* Fountain.m in Sources */ = {isa = PBXBuildFile; fileRef = F6B215191A374F04003198D9 /* Fountain.m */; };
		F6B215201A374F04003198D9 /* libFountain.a in Frameworks */ = {isa = PBXBuildFile; fileRef = F6B215141A374F04003198D9 /* libFountain.a */; };
		F6B215361A3751CF003198D9 /* FTCollectionViewAdapter.m in Sources */ = {isa = PBXBuildFile; fileRef = F6B215351A3751CF003198D9 /* FTCollectionViewAdapter.m */; };
		F6B215391A375445003198D9 /* FTAdapterPrepareHandler.m in Sources */ = {isa = PBXBuildFile; fileRef = F6B215381A375444003198D9 /* FTAdapterPrepareHandler.m */; };
/* End PBXBuildFile section */

/* Begin PBXContainerItemProxy section */
		F6B215211A374F04003198D9 /* PBXContainerItemProxy */ = {
			isa = PBXContainerItemProxy;
			containerPortal = F6B2150C1A374F04003198D9 /* Project object */;
			proxyType = 1;
			remoteGlobalIDString = F6B215131A374F04003198D9;
			remoteInfo = Fountain;
		};
/* End PBXContainerItemProxy section */

/* Begin PBXCopyFilesBuildPhase section */
		F6B215121A374F04003198D9 /* CopyFiles */ = {
			isa = PBXCopyFilesBuildPhase;
			buildActionMask = 2147483647;
			dstPath = "include/$(PRODUCT_NAME)";
			dstSubfolderSpec = 16;
			files = (
				F6B215181A374F04003198D9 /* Fountain.h in CopyFiles */,
			);
			runOnlyForDeploymentPostprocessing = 0;
		};
/* End PBXCopyFilesBuildPhase section */

/* Begin PBXFileReference section */
		3D244AADBBD64658A489925C /* Pods-FountainTests.release.xcconfig */ = {isa = PBXFileReference; includeInIndex = 1; lastKnownFileType = text.xcconfig; name = "Pods-FountainTests.release.xcconfig"; path = "../Pods/Target Support Files/Pods-FountainTests/Pods-FountainTests.release.xcconfig"; sourceTree = "<group>"; };
		870F95D674BAC412D768B177 /* Pods-FountainTests.debug.xcconfig */ = {isa = PBXFileReference; includeInIndex = 1; lastKnownFileType = text.xcconfig; name = "Pods-FountainTests.debug.xcconfig"; path = "../Pods/Target Support Files/Pods-FountainTests/Pods-FountainTests.debug.xcconfig"; sourceTree = "<group>"; };
		F65B927F1A38AC7600CEB22E /* FTComposedDataSource.h */ = {isa = PBXFileReference; fileEncoding = 4; lastKnownFileType = sourcecode.c.h; path = FTComposedDataSource.h; sourceTree = "<group>"; };
		F65B92801A38AC7600CEB22E /* FTComposedDataSource.m */ = {isa = PBXFileReference; fileEncoding = 4; lastKnownFileType = sourcecode.c.objc; path = FTComposedDataSource.m; sourceTree = "<group>"; };
		F65B92821A38D09700CEB22E /* FTComposedDataSourceSpec.m */ = {isa = PBXFileReference; fileEncoding = 4; lastKnownFileType = sourcecode.c.objc; path = FTComposedDataSourceSpec.m; sourceTree = "<group>"; };
		F661E8D11A5BF7B6000EB7AC /* FTTableViewAdapter.h */ = {isa = PBXFileReference; fileEncoding = 4; lastKnownFileType = sourcecode.c.h; path = FTTableViewAdapter.h; sourceTree = "<group>"; };
		F661E8D21A5BF7B6000EB7AC /* FTTableViewAdapter.m */ = {isa = PBXFileReference; fileEncoding = 4; lastKnownFileType = sourcecode.c.objc; path = FTTableViewAdapter.m; sourceTree = "<group>"; };
		F66AB2FC1A64340B00E343BF /* FTFetchedResultsDataSource.h */ = {isa = PBXFileReference; fileEncoding = 4; lastKnownFileType = sourcecode.c.h; path = FTFetchedResultsDataSource.h; sourceTree = "<group>"; };
		F66AB2FD1A64340B00E343BF /* FTFetchedResultsDataSource.m */ = {isa = PBXFileReference; fileEncoding = 4; lastKnownFileType = sourcecode.c.objc; path = FTFetchedResultsDataSource.m; sourceTree = "<group>"; };
		F67044F61A3B41E4003A44B2 /* FTDynamicDataSource.h */ = {isa = PBXFileReference; fileEncoding = 4; lastKnownFileType = sourcecode.c.h; path = FTDynamicDataSource.h; sourceTree = "<group>"; };
		F67044F71A3B41E4003A44B2 /* FTDynamicDataSource.m */ = {isa = PBXFileReference; fileEncoding = 4; lastKnownFileType = sourcecode.c.objc; path = FTDynamicDataSource.m; sourceTree = "<group>"; };
		F67044F91A3B435B003A44B2 /* FTDynamicDataSourceSpec.m */ = {isa = PBXFileReference; fileEncoding = 4; lastKnownFileType = sourcecode.c.objc; path = FTDynamicDataSourceSpec.m; sourceTree = "<group>"; };
		F6A6B97C1A5AECFE006168C5 /* FTReusableViewSizeCache.h */ = {isa = PBXFileReference; fileEncoding = 4; lastKnownFileType = sourcecode.c.h; path = FTReusableViewSizeCache.h; sourceTree = "<group>"; };
		F6B215141A374F04003198D9 /* libFountain.a */ = {isa = PBXFileReference; explicitFileType = archive.ar; includeInIndex = 0; path = libFountain.a; sourceTree = BUILT_PRODUCTS_DIR; };
		F6B215171A374F04003198D9 /* Fountain.h */ = {isa = PBXFileReference; lastKnownFileType = sourcecode.c.h; path = Fountain.h; sourceTree = "<group>"; };
		F6B215191A374F04003198D9 /* Fountain.m */ = {isa = PBXFileReference; lastKnownFileType = sourcecode.c.objc; path = Fountain.m; sourceTree = "<group>"; };
		F6B2151F1A374F04003198D9 /* FountainTests.xctest */ = {isa = PBXFileReference; explicitFileType = wrapper.cfbundle; includeInIndex = 0; path = FountainTests.xctest; sourceTree = BUILT_PRODUCTS_DIR; };
		F6B215251A374F04003198D9 /* Info.plist */ = {isa = PBXFileReference; lastKnownFileType = text.plist.xml; path = Info.plist; sourceTree = "<group>"; };
		F6B2152E1A374F5B003198D9 /* FTDataSource.h */ = {isa = PBXFileReference; fileEncoding = 4; lastKnownFileType = sourcecode.c.h; path = FTDataSource.h; sourceTree = "<group>"; };
		F6B215341A3751CF003198D9 /* FTCollectionViewAdapter.h */ = {isa = PBXFileReference; fileEncoding = 4; lastKnownFileType = sourcecode.c.h; path = FTCollectionViewAdapter.h; sourceTree = "<group>"; };
		F6B215351A3751CF003198D9 /* FTCollectionViewAdapter.m */ = {isa = PBXFileReference; fileEncoding = 4; lastKnownFileType = sourcecode.c.objc; path = FTCollectionViewAdapter.m; sourceTree = "<group>"; };
		F6B215371A375444003198D9 /* FTAdapterPrepareHandler.h */ = {isa = PBXFileReference; fileEncoding = 4; lastKnownFileType = sourcecode.c.h; path = FTAdapterPrepareHandler.h; sourceTree = "<group>"; };
		F6B215381A375444003198D9 /* FTAdapterPrepareHandler.m */ = {isa = PBXFileReference; fileEncoding = 4; lastKnownFileType = sourcecode.c.objc; path = FTAdapterPrepareHandler.m; sourceTree = "<group>"; };
		F779017B90C1BE975E14DEA6 /* libPods-FountainTests.a */ = {isa = PBXFileReference; explicitFileType = archive.ar; includeInIndex = 0; path = "libPods-FountainTests.a"; sourceTree = BUILT_PRODUCTS_DIR; };
/* End PBXFileReference section */

/* Begin PBXFrameworksBuildPhase section */
		F6B215111A374F04003198D9 /* Frameworks */ = {
			isa = PBXFrameworksBuildPhase;
			buildActionMask = 2147483647;
			files = (
			);
			runOnlyForDeploymentPostprocessing = 0;
		};
		F6B2151C1A374F04003198D9 /* Frameworks */ = {
			isa = PBXFrameworksBuildPhase;
			buildActionMask = 2147483647;
			files = (
				F6B215201A374F04003198D9 /* libFountain.a in Frameworks */,
				0D512170FE19E8DF2E1B938C /* libPods-FountainTests.a in Frameworks */,
			);
			runOnlyForDeploymentPostprocessing = 0;
		};
/* End PBXFrameworksBuildPhase section */

/* Begin PBXGroup section */
		0CE55495E4914785B4E26E68 /* Frameworks */ = {
			isa = PBXGroup;
			children = (
				F779017B90C1BE975E14DEA6 /* libPods-FountainTests.a */,
			);
			name = Frameworks;
			sourceTree = "<group>";
		};
		27E18FC1D362F67418ED21A1 /* Pods */ = {
			isa = PBXGroup;
			children = (
				870F95D674BAC412D768B177 /* Pods-FountainTests.debug.xcconfig */,
				3D244AADBBD64658A489925C /* Pods-FountainTests.release.xcconfig */,
			);
			name = Pods;
			sourceTree = "<group>";
		};
		F661E8CF1A5BF794000EB7AC /* Collection View */ = {
			isa = PBXGroup;
			children = (
				F6B215341A3751CF003198D9 /* FTCollectionViewAdapter.h */,
				F6B215351A3751CF003198D9 /* FTCollectionViewAdapter.m */,
			);
			name = "Collection View";
			sourceTree = "<group>";
		};
		F661E8D01A5BF7A0000EB7AC /* Table View */ = {
			isa = PBXGroup;
			children = (
				F661E8D11A5BF7B6000EB7AC /* FTTableViewAdapter.h */,
				F661E8D21A5BF7B6000EB7AC /* FTTableViewAdapter.m */,
			);
			name = "Table View";
			sourceTree = "<group>";
		};
		F6B2150B1A374F04003198D9 = {
			isa = PBXGroup;
			children = (
				F6B215161A374F04003198D9 /* Fountain */,
				F6B215231A374F04003198D9 /* FountainTests */,
				F6B215151A374F04003198D9 /* Products */,
				27E18FC1D362F67418ED21A1 /* Pods */,
				0CE55495E4914785B4E26E68 /* Frameworks */,
			);
			sourceTree = "<group>";
		};
		F6B215151A374F04003198D9 /* Products */ = {
			isa = PBXGroup;
			children = (
				F6B215141A374F04003198D9 /* libFountain.a */,
				F6B2151F1A374F04003198D9 /* FountainTests.xctest */,
			);
			name = Products;
			sourceTree = "<group>";
		};
		F6B215161A374F04003198D9 /* Fountain */ = {
			isa = PBXGroup;
			children = (
				F6B215171A374F04003198D9 /* Fountain.h */,
				F6B215191A374F04003198D9 /* Fountain.m */,
				F6B2152F1A374FCC003198D9 /* Data Source */,
				F6B215301A374FDF003198D9 /* Adapter */,
			);
			path = Fountain;
			sourceTree = "<group>";
		};
		F6B215231A374F04003198D9 /* FountainTests */ = {
			isa = PBXGroup;
			children = (
				F65B92821A38D09700CEB22E /* FTComposedDataSourceSpec.m */,
				F67044F91A3B435B003A44B2 /* FTDynamicDataSourceSpec.m */,
				F6B215241A374F04003198D9 /* Supporting Files */,
			);
			path = FountainTests;
			sourceTree = "<group>";
		};
		F6B215241A374F04003198D9 /* Supporting Files */ = {
			isa = PBXGroup;
			children = (
				F6B215251A374F04003198D9 /* Info.plist */,
			);
			name = "Supporting Files";
			sourceTree = "<group>";
		};
		F6B2152F1A374FCC003198D9 /* Data Source */ = {
			isa = PBXGroup;
			children = (
				F6B2152E1A374F5B003198D9 /* FTDataSource.h */,
				F65B927F1A38AC7600CEB22E /* FTComposedDataSource.h */,
				F65B92801A38AC7600CEB22E /* FTComposedDataSource.m */,
				F67044F61A3B41E4003A44B2 /* FTDynamicDataSource.h */,
				F67044F71A3B41E4003A44B2 /* FTDynamicDataSource.m */,
				F66AB2FC1A64340B00E343BF /* FTFetchedResultsDataSource.h */,
				F66AB2FD1A64340B00E343BF /* FTFetchedResultsDataSource.m */,
			);
			name = "Data Source";
			sourceTree = "<group>";
		};
		F6B215301A374FDF003198D9 /* Adapter */ = {
			isa = PBXGroup;
			children = (
				F6A6B97C1A5AECFE006168C5 /* FTReusableViewSizeCache.h */,
				F6B215371A375444003198D9 /* FTAdapterPrepareHandler.h */,
				F6B215381A375444003198D9 /* FTAdapterPrepareHandler.m */,
				F661E8D01A5BF7A0000EB7AC /* Table View */,
				F661E8CF1A5BF794000EB7AC /* Collection View */,
			);
			name = Adapter;
			sourceTree = "<group>";
		};
/* End PBXGroup section */

/* Begin PBXNativeTarget section */
		F6B215131A374F04003198D9 /* Fountain */ = {
			isa = PBXNativeTarget;
			buildConfigurationList = F6B215281A374F04003198D9 /* Build configuration list for PBXNativeTarget "Fountain" */;
			buildPhases = (
				F6B215101A374F04003198D9 /* Sources */,
				F6B215111A374F04003198D9 /* Frameworks */,
				F6B215121A374F04003198D9 /* CopyFiles */,
			);
			buildRules = (
			);
			dependencies = (
			);
			name = Fountain;
			productName = Fountain;
			productReference = F6B215141A374F04003198D9 /* libFountain.a */;
			productType = "com.apple.product-type.library.static";
		};
		F6B2151E1A374F04003198D9 /* FountainTests */ = {
			isa = PBXNativeTarget;
			buildConfigurationList = F6B2152B1A374F04003198D9 /* Build configuration list for PBXNativeTarget "FountainTests" */;
			buildPhases = (
				9125D396A78994615C6CDA57 /* Check Pods Manifest.lock */,
				F6B2151B1A374F04003198D9 /* Sources */,
				F6B2151C1A374F04003198D9 /* Frameworks */,
				F6B2151D1A374F04003198D9 /* Resources */,
				7CF25BBE76EBCA74E14435CA /* Copy Pods Resources */,
			);
			buildRules = (
			);
			dependencies = (
				F6B215221A374F04003198D9 /* PBXTargetDependency */,
			);
			name = FountainTests;
			productName = FountainTests;
			productReference = F6B2151F1A374F04003198D9 /* FountainTests.xctest */;
			productType = "com.apple.product-type.bundle.unit-test";
		};
/* End PBXNativeTarget section */

/* Begin PBXProject section */
		F6B2150C1A374F04003198D9 /* Project object */ = {
			isa = PBXProject;
			attributes = {
				CLASSPREFIX = FT;
				LastUpgradeCheck = 0610;
				ORGANIZATIONNAME = "Tobias Kräntzer";
				TargetAttributes = {
					F6B215131A374F04003198D9 = {
						CreatedOnToolsVersion = 6.1.1;
					};
					F6B2151E1A374F04003198D9 = {
						CreatedOnToolsVersion = 6.1.1;
					};
				};
			};
			buildConfigurationList = F6B2150F1A374F04003198D9 /* Build configuration list for PBXProject "Fountain" */;
			compatibilityVersion = "Xcode 3.2";
			developmentRegion = English;
			hasScannedForEncodings = 0;
			knownRegions = (
				en,
			);
			mainGroup = F6B2150B1A374F04003198D9;
			productRefGroup = F6B215151A374F04003198D9 /* Products */;
			projectDirPath = "";
			projectRoot = "";
			targets = (
				F6B215131A374F04003198D9 /* Fountain */,
				F6B2151E1A374F04003198D9 /* FountainTests */,
			);
		};
/* End PBXProject section */

/* Begin PBXResourcesBuildPhase section */
		F6B2151D1A374F04003198D9 /* Resources */ = {
			isa = PBXResourcesBuildPhase;
			buildActionMask = 2147483647;
			files = (
			);
			runOnlyForDeploymentPostprocessing = 0;
		};
/* End PBXResourcesBuildPhase section */

/* Begin PBXShellScriptBuildPhase section */
		7CF25BBE76EBCA74E14435CA /* Copy Pods Resources */ = {
			isa = PBXShellScriptBuildPhase;
			buildActionMask = 2147483647;
			files = (
			);
			inputPaths = (
			);
			name = "Copy Pods Resources";
			outputPaths = (
			);
			runOnlyForDeploymentPostprocessing = 0;
			shellPath = /bin/sh;
			shellScript = "\"${SRCROOT}/../Pods/Target Support Files/Pods-FountainTests/Pods-FountainTests-resources.sh\"\n";
			showEnvVarsInLog = 0;
		};
		9125D396A78994615C6CDA57 /* Check Pods Manifest.lock */ = {
			isa = PBXShellScriptBuildPhase;
			buildActionMask = 2147483647;
			files = (
			);
			inputPaths = (
			);
			name = "Check Pods Manifest.lock";
			outputPaths = (
			);
			runOnlyForDeploymentPostprocessing = 0;
			shellPath = /bin/sh;
			shellScript = "diff \"${PODS_ROOT}/../Podfile.lock\" \"${PODS_ROOT}/Manifest.lock\" > /dev/null\nif [[ $? != 0 ]] ; then\n    cat << EOM\nerror: The sandbox is not in sync with the Podfile.lock. Run 'pod install' or update your CocoaPods installation.\nEOM\n    exit 1\nfi\n";
			showEnvVarsInLog = 0;
		};
/* End PBXShellScriptBuildPhase section */

/* Begin PBXSourcesBuildPhase section */
		F6B215101A374F04003198D9 /* Sources */ = {
			isa = PBXSourcesBuildPhase;
			buildActionMask = 2147483647;
			files = (
				F6B215391A375445003198D9 /* FTAdapterPrepareHandler.m in Sources */,
				F67044F81A3B41E4003A44B2 /* FTDynamicDataSource.m in Sources */,
				F6B2151A1A374F04003198D9 /* Fountain.m in Sources */,
				F661E8D31A5BF7B6000EB7AC /* FTTableViewAdapter.m in Sources */,
				F65B92811A38AC7600CEB22E /* FTComposedDataSource.m in Sources */,
				F6B215361A3751CF003198D9 /* FTCollectionViewAdapter.m in Sources */,
				F66AB2FE1A64340B00E343BF /* FTFetchedResultsDataSource.m in Sources */,
			);
			runOnlyForDeploymentPostprocessing = 0;
		};
		F6B2151B1A374F04003198D9 /* Sources */ = {
			isa = PBXSourcesBuildPhase;
			buildActionMask = 2147483647;
			files = (
				F67044FA1A3B435B003A44B2 /* FTDynamicDataSourceSpec.m in Sources */,
				F65B92831A38D09700CEB22E /* FTComposedDataSourceSpec.m in Sources */,
			);
			runOnlyForDeploymentPostprocessing = 0;
		};
/* End PBXSourcesBuildPhase section */

/* Begin PBXTargetDependency section */
		F6B215221A374F04003198D9 /* PBXTargetDependency */ = {
			isa = PBXTargetDependency;
			target = F6B215131A374F04003198D9 /* Fountain */;
			targetProxy = F6B215211A374F04003198D9 /* PBXContainerItemProxy */;
		};
/* End PBXTargetDependency section */

/* Begin XCBuildConfiguration section */
		F6B215261A374F04003198D9 /* Debug */ = {
			isa = XCBuildConfiguration;
			buildSettings = {
				ALWAYS_SEARCH_USER_PATHS = NO;
				CLANG_CXX_LANGUAGE_STANDARD = "gnu++0x";
				CLANG_CXX_LIBRARY = "libc++";
				CLANG_ENABLE_MODULES = YES;
				CLANG_ENABLE_OBJC_ARC = YES;
				CLANG_WARN_BOOL_CONVERSION = YES;
				CLANG_WARN_CONSTANT_CONVERSION = YES;
				CLANG_WARN_DIRECT_OBJC_ISA_USAGE = YES_ERROR;
				CLANG_WARN_EMPTY_BODY = YES;
				CLANG_WARN_ENUM_CONVERSION = YES;
				CLANG_WARN_INT_CONVERSION = YES;
				CLANG_WARN_OBJC_ROOT_CLASS = YES_ERROR;
				CLANG_WARN_UNREACHABLE_CODE = YES;
				CLANG_WARN__DUPLICATE_METHOD_MATCH = YES;
				COPY_PHASE_STRIP = NO;
				ENABLE_STRICT_OBJC_MSGSEND = YES;
				GCC_C_LANGUAGE_STANDARD = gnu99;
				GCC_DYNAMIC_NO_PIC = NO;
				GCC_OPTIMIZATION_LEVEL = 0;
				GCC_PREPROCESSOR_DEFINITIONS = (
					"DEBUG=1",
					"$(inherited)",
				);
				GCC_SYMBOLS_PRIVATE_EXTERN = NO;
				GCC_WARN_64_TO_32_BIT_CONVERSION = YES;
				GCC_WARN_ABOUT_RETURN_TYPE = YES_ERROR;
				GCC_WARN_UNDECLARED_SELECTOR = YES;
				GCC_WARN_UNINITIALIZED_AUTOS = YES_AGGRESSIVE;
				GCC_WARN_UNUSED_FUNCTION = YES;
				GCC_WARN_UNUSED_VARIABLE = YES;
				IPHONEOS_DEPLOYMENT_TARGET = 8.1;
				MTL_ENABLE_DEBUG_INFO = YES;
				ONLY_ACTIVE_ARCH = YES;
				SDKROOT = iphoneos;
			};
			name = Debug;
		};
		F6B215271A374F04003198D9 /* Release */ = {
			isa = XCBuildConfiguration;
			buildSettings = {
				ALWAYS_SEARCH_USER_PATHS = NO;
				CLANG_CXX_LANGUAGE_STANDARD = "gnu++0x";
				CLANG_CXX_LIBRARY = "libc++";
				CLANG_ENABLE_MODULES = YES;
				CLANG_ENABLE_OBJC_ARC = YES;
				CLANG_WARN_BOOL_CONVERSION = YES;
				CLANG_WARN_CONSTANT_CONVERSION = YES;
				CLANG_WARN_DIRECT_OBJC_ISA_USAGE = YES_ERROR;
				CLANG_WARN_EMPTY_BODY = YES;
				CLANG_WARN_ENUM_CONVERSION = YES;
				CLANG_WARN_INT_CONVERSION = YES;
				CLANG_WARN_OBJC_ROOT_CLASS = YES_ERROR;
				CLANG_WARN_UNREACHABLE_CODE = YES;
				CLANG_WARN__DUPLICATE_METHOD_MATCH = YES;
				COPY_PHASE_STRIP = YES;
				ENABLE_NS_ASSERTIONS = NO;
				ENABLE_STRICT_OBJC_MSGSEND = YES;
				GCC_C_LANGUAGE_STANDARD = gnu99;
				GCC_WARN_64_TO_32_BIT_CONVERSION = YES;
				GCC_WARN_ABOUT_RETURN_TYPE = YES_ERROR;
				GCC_WARN_UNDECLARED_SELECTOR = YES;
				GCC_WARN_UNINITIALIZED_AUTOS = YES_AGGRESSIVE;
				GCC_WARN_UNUSED_FUNCTION = YES;
				GCC_WARN_UNUSED_VARIABLE = YES;
				IPHONEOS_DEPLOYMENT_TARGET = 8.1;
				MTL_ENABLE_DEBUG_INFO = NO;
				SDKROOT = iphoneos;
				VALIDATE_PRODUCT = YES;
			};
			name = Release;
		};
		F6B215291A374F04003198D9 /* Debug */ = {
			isa = XCBuildConfiguration;
			buildSettings = {
				OTHER_LDFLAGS = "-ObjC";
				PRODUCT_NAME = "$(TARGET_NAME)";
				SKIP_INSTALL = YES;
			};
			name = Debug;
		};
		F6B2152A1A374F04003198D9 /* Release */ = {
			isa = XCBuildConfiguration;
			buildSettings = {
				OTHER_LDFLAGS = "-ObjC";
				PRODUCT_NAME = "$(TARGET_NAME)";
				SKIP_INSTALL = YES;
			};
			name = Release;
		};
		F6B2152C1A374F04003198D9 /* Debug */ = {
			isa = XCBuildConfiguration;
			baseConfigurationReference = 870F95D674BAC412D768B177 /* Pods-FountainTests.debug.xcconfig */;
			buildSettings = {
				FRAMEWORK_SEARCH_PATHS = (
					"$(SDKROOT)/Developer/Library/Frameworks",
					"$(inherited)",
				);
				GCC_PREPROCESSOR_DEFINITIONS = (
					"DEBUG=1",
					"$(inherited)",
				);
				INFOPLIST_FILE = FountainTests/Info.plist;
				LD_RUNPATH_SEARCH_PATHS = "$(inherited) @executable_path/Frameworks @loader_path/Frameworks";
				PRODUCT_NAME = "$(TARGET_NAME)";
			};
			name = Debug;
		};
		F6B2152D1A374F04003198D9 /* Release */ = {
			isa = XCBuildConfiguration;
			baseConfigurationReference = 3D244AADBBD64658A489925C /* Pods-FountainTests.release.xcconfig */;
			buildSettings = {
				FRAMEWORK_SEARCH_PATHS = (
					"$(SDKROOT)/Developer/Library/Frameworks",
					"$(inherited)",
				);
				INFOPLIST_FILE = FountainTests/Info.plist;
				LD_RUNPATH_SEARCH_PATHS = "$(inherited) @executable_path/Frameworks @loader_path/Frameworks";
				PRODUCT_NAME = "$(TARGET_NAME)";
			};
			name = Release;
		};
/* End XCBuildConfiguration section */

/* Begin XCConfigurationList section */
		F6B2150F1A374F04003198D9 /* Build configuration list for PBXProject "Fountain" */ = {
			isa = XCConfigurationList;
			buildConfigurations = (
				F6B215261A374F04003198D9 /* Debug */,
				F6B215271A374F04003198D9 /* Release */,
			);
			defaultConfigurationIsVisible = 0;
			defaultConfigurationName = Release;
		};
		F6B215281A374F04003198D9 /* Build configuration list for PBXNativeTarget "Fountain" */ = {
			isa = XCConfigurationList;
			buildConfigurations = (
				F6B215291A374F04003198D9 /* Debug */,
				F6B2152A1A374F04003198D9 /* Release */,
			);
			defaultConfigurationIsVisible = 0;
			defaultConfigurationName = Release;
		};
		F6B2152B1A374F04003198D9 /* Build configuration list for PBXNativeTarget "FountainTests" */ = {
			isa = XCConfigurationList;
			buildConfigurations = (
				F6B2152C1A374F04003198D9 /* Debug */,
				F6B2152D1A374F04003198D9 /* Release */,
			);
			defaultConfigurationIsVisible = 0;
			defaultConfigurationName = Release;
		};
/* End XCConfigurationList section */
	};
	rootObject = F6B2150C1A374F04003198D9 /* Project object */;
}
